
Microsoft Visual Studio Solution File, Format Version 12.00
# Visual Studio 14
VisualStudioVersion = 14.0.25420.1
MinimumVisualStudioVersion = 10.0.40219.1
Project("{FAE04EC0-301F-11D3-BF4B-00C04F79EFBC}") = "habrhab", "habrhab\habrhab.csproj", "{658C5465-5EDC-4ED5-BE73-3AF6D566F8A9}"
EndProject
Global
	GlobalSection(SolutionConfigurationPlatforms) = preSolution
		Debug|Any CPU = Debug|Any CPU
		Release|Any CPU = Release|Any CPU
	EndGlobalSection
	GlobalSection(ProjectConfigurationPlatforms) = postSolution
		{658C5465-5EDC-4ED5-BE73-3AF6D566F8A9}.Debug|Any CPU.ActiveCfg = Debug|Any CPU
		{658C5465-5EDC-4ED5-BE73-3AF6D566F8A9}.Debug|Any CPU.Build.0 = Debug|Any CPU
		{658C5465-5EDC-4ED5-BE73-3AF6D566F8A9}.Release|Any CPU.ActiveCfg = Release|Any CPU
		{658C5465-5EDC-4ED5-BE73-3AF6D566F8A9}.Release|Any CPU.Build.0 = Release|Any CPU
	EndGlobalSection
	GlobalSection(SolutionProperties) = preSolution
		HideSolutionNode = FALSE
	EndGlobalSection
EndGlobal
